{
  "name": "lylelanley",
  "lockfileVersion": 2,
  "requires": true,
  "packages": {
    "": {
      "name": "lylelanley",
      "dependencies": {
        "spotlight": "^0.1.338"
      }
    },
    "node_modules/spotlight": {
      "version": "0.1.338",
      "resolved": "https://registry.npmjs.org/spotlight/-/spotlight-0.1.338.tgz",
      "integrity": "sha1-ey8KNuDTeus8FiBkW9cSPTn6UTw=",
      "engines": [
        "node",
        "rhino"
      ]
    }
  },
  "dependencies": {
    "spotlight": {
      "version": "0.1.338",
      "resolved": "https://registry.npmjs.org/spotlight/-/spotlight-0.1.338.tgz",
      "integrity": "sha1-ey8KNuDTeus8FiBkW9cSPTn6UTw="
    }
  }
}
